
Microsoft Visual Studio Solution File, Format Version 12.00
# Visual Studio Version 16
VisualStudioVersion = 16.0.32630.194
MinimumVisualStudioVersion = 10.0.40219.1
Project("{FAE04EC0-301F-11D3-BF4B-00C04F79EFBC}") = "PhigrosSaveTransfer", "PhigrosSaveTransfer\PhigrosSaveTransfer.csproj", "{3A730E7B-DB5C-42C1-B3B6-19DED49EAF56}"
EndProject
Global
	GlobalSection(SolutionConfigurationPlatforms) = preSolution
		Debug|Any CPU = Debug|Any CPU
		Release|Any CPU = Release|Any CPU
	EndGlobalSection
	GlobalSection(ProjectConfigurationPlatforms) = postSolution
		{3A730E7B-DB5C-42C1-B3B6-19DED49EAF56}.Debug|Any CPU.ActiveCfg = Debug|Any CPU
		{3A730E7B-DB5C-42C1-B3B6-19DED49EAF56}.Debug|Any CPU.Build.0 = Debug|Any CPU
		{3A730E7B-DB5C-42C1-B3B6-19DED49EAF56}.Release|Any CPU.ActiveCfg = Release|Any CPU
		{3A730E7B-DB5C-42C1-B3B6-19DED49EAF56}.Release|Any CPU.Build.0 = Release|Any CPU
	EndGlobalSection
	GlobalSection(SolutionProperties) = preSolution
		HideSolutionNode = FALSE
	EndGlobalSection
	GlobalSection(ExtensibilityGlobals) = postSolution
		SolutionGuid = {FDD74772-2B09-45B2-A393-0B95BFB056BC}
	EndGlobalSection
EndGlobal
